
Microsoft Visual Studio Solution File, Format Version 12.00
# Visual Studio 14
VisualStudioVersion = 14.0.25123.0
MinimumVisualStudioVersion = 10.0.40219.1
Project("{FAE04EC0-301F-11D3-BF4B-00C04F79EFBC}") = "CodeBusters", "CodeBusters\CodeBusters.csproj", "{4713C095-780B-43DE-BF20-94D06CF67693}"
EndProject
Project("{2150E333-8FDC-42A3-9474-1A3956D46DE8}") = "Contests", "Contests", "{55C72FA5-6458-4E3E-ADE5-069CAC9D114D}"
EndProject
Global
	GlobalSection(SolutionConfigurationPlatforms) = preSolution
		Debug|Any CPU = Debug|Any CPU
		Release|Any CPU = Release|Any CPU
	EndGlobalSection
	GlobalSection(ProjectConfigurationPlatforms) = postSolution
		{4713C095-780B-43DE-BF20-94D06CF67693}.Debug|Any CPU.ActiveCfg = Debug|Any CPU
		{4713C095-780B-43DE-BF20-94D06CF67693}.Debug|Any CPU.Build.0 = Debug|Any CPU
		{4713C095-780B-43DE-BF20-94D06CF67693}.Release|Any CPU.ActiveCfg = Release|Any CPU
		{4713C095-780B-43DE-BF20-94D06CF67693}.Release|Any CPU.Build.0 = Release|Any CPU
	EndGlobalSection
	GlobalSection(SolutionProperties) = preSolution
		HideSolutionNode = FALSE
	EndGlobalSection
	GlobalSection(NestedProjects) = preSolution
		{4713C095-780B-43DE-BF20-94D06CF67693} = {55C72FA5-6458-4E3E-ADE5-069CAC9D114D}
	EndGlobalSection
EndGlobal
